
Microsoft Visual Studio Solution File, Format Version 12.00
# Visual Studio Version 17
VisualStudioVersion = 17.1.32414.318
MinimumVisualStudioVersion = 10.0.40219.1
Project("{FAE04EC0-301F-11D3-BF4B-00C04F79EFBC}") = "LinkedListMethods", "LinkedListMethods.csproj", "{6EC40B14-E377-4B23-966C-8AAAA808F4EE}"
EndProject
Project("{FAE04EC0-301F-11D3-BF4B-00C04F79EFBC}") = "LinkedListMethodsTests", "..\LinkedListMethodsTests\LinkedListMethodsTests.csproj", "{45D5A862-3536-42F9-B529-3DA009007F6E}"
EndProject
Global
	GlobalSection(SolutionConfigurationPlatforms) = preSolution
		Debug|Any CPU = Debug|Any CPU
		Release|Any CPU = Release|Any CPU
	EndGlobalSection
	GlobalSection(ProjectConfigurationPlatforms) = postSolution
		{6EC40B14-E377-4B23-966C-8AAAA808F4EE}.Debug|Any CPU.ActiveCfg = Debug|Any CPU
		{6EC40B14-E377-4B23-966C-8AAAA808F4EE}.Debug|Any CPU.Build.0 = Debug|Any CPU
		{6EC40B14-E377-4B23-966C-8AAAA808F4EE}.Release|Any CPU.ActiveCfg = Release|Any CPU
		{6EC40B14-E377-4B23-966C-8AAAA808F4EE}.Release|Any CPU.Build.0 = Release|Any CPU
		{45D5A862-3536-42F9-B529-3DA009007F6E}.Debug|Any CPU.ActiveCfg = Debug|Any CPU
		{45D5A862-3536-42F9-B529-3DA009007F6E}.Debug|Any CPU.Build.0 = Debug|Any CPU
		{45D5A862-3536-42F9-B529-3DA009007F6E}.Release|Any CPU.ActiveCfg = Release|Any CPU
		{45D5A862-3536-42F9-B529-3DA009007F6E}.Release|Any CPU.Build.0 = Release|Any CPU
	EndGlobalSection
	GlobalSection(SolutionProperties) = preSolution
		HideSolutionNode = FALSE
	EndGlobalSection
	GlobalSection(ExtensibilityGlobals) = postSolution
		SolutionGuid = {0C9F386D-EB9B-4E14-A34A-370B7A78A996}
	EndGlobalSection
EndGlobal
